{
  "nodes": {
    "nixpkgs": {
      "locked": {
        "lastModified": 1609725427,
        "narHash": "sha256-Yn97AVjFvQunGmwK3nnr7LihzMnp72jyaYNRRaJvAZ4=",
        "owner": "NixOS",
        "repo": "nixpkgs",
        "rev": "c5c6009fb436efe5732e07cd0e5692f495321752",
        "type": "github"
      },
      "original": {
        "id": "nixpkgs",
        "ref": "nixos-20.09-small",
        "type": "indirect"
      }
    },
    "root": {
      "inputs": {
        "nixpkgs": "nixpkgs"
      }
    }
  },
  "root": "root",
  "version": 7
}
